{
  "requires": true,
  "lockfileVersion": 1,
  "dependencies": {
    "hypixel-node": {
      "version": "1.2.1",
      "resolved": "https://registry.npmjs.org/hypixel-node/-/hypixel-node-1.2.1.tgz",
      "integrity": "sha512-SQb+d2H3gM30ffL2RTbUlCpRuzVzivL65tFt5l2zubGwz3A54PdFMz6VoSO5syctzGseGbSAWpBEA9v3hps7Bg==",
      "requires": {
        "phin": "^2.9.3"
      },
      "dependencies": {
        "phin": {
          "version": "2.9.3",
          "resolved": "https://registry.npmjs.org/phin/-/phin-2.9.3.tgz",
          "integrity": "sha512-CzFr90qM24ju5f88quFC/6qohjC144rehe5n6DH900lgXmUe86+xCKc10ev56gRKC4/BkHUoG4uSiQgBiIXwDA=="
        }
      }
    },
    "moment": {
      "version": "2.27.0",
      "resolved": "https://registry.npmjs.org/moment/-/moment-2.27.0.tgz",
      "integrity": "sha512-al0MUK7cpIcglMv3YF13qSgdAIqxHTO7brRtaz3DlSULbqfazqkc5kEjNrLDOM7fsjshoFIihnU8snrP7zUvhQ=="
    },
    "node-fetch": {
      "version": "2.6.0",
      "resolved": "https://registry.npmjs.org/node-fetch/-/node-fetch-2.6.0.tgz",
      "integrity": "sha512-8dG4H5ujfvFiqDmVu9fQ5bOHUC15JMjMY/Zumv26oOvvVJjM67KF8koCWIabKQ1GJIa9r2mMZscBq/TbdOcmNA=="
    },
    "phin": {
      "version": "2.9.0",
      "resolved": "https://registry.npmjs.org/phin/-/phin-2.9.0.tgz",
      "integrity": "sha512-2az4ADCnoEsaEy00UNJSkwFbp4B4ti53AKT26/Dt8lWtw/DABhx+PWpf+wKC7KsqnJoSd9FZ5NpuGc+I8c5ZUg=="
    }
  }
}
